<?xml version="1.0" encoding="UTF-8" standalone="yes" ?>
<CodeBlocks_project_file>
	<FileVersion major="1" minor="6" />
	<Project>
		<Option title="Flurry" />
		<Option makefile="makefile_centos" />
		<Option makefile_is_custom="1" />
		<Option pch_mode="2" />
		<Option compiler="icc" />
		<MakeCommands>
			<Build command="$make -f $makefile $target" />
			<CompileFile command="$make -f $makefile $file" />
			<Clean command="$make -f $makefile clean" />
			<DistClean command="$make -f $makefile distclean$target" />
			<AskRebuildNeeded command="$make -q -f $makefile $target" />
			<SilentBuild command="$make -s -f $makefile $target" />
		</MakeCommands>
		<Build>
			<Target title="Debug">
				<Option output="bin/Debug/Flurry" prefix_auto="1" extension_auto="1" />
				<Option object_output="obj/Debug/" />
				<Option type="1" />
				<Option compiler="icc" />
				<Compiler>
					<Add option="/Zi" />
				</Compiler>
			</Target>
			<Target title="debug">
				<Option output="bin/Flurry" prefix_auto="1" extension_auto="1" />
				<Option type="1" />
				<Option compiler="icc" />
				<Option use_console_runner="0" />
				<MakeCommands>
					<Build command="$make -f $makefile $target" />
					<CompileFile command="$make -f $makefile $file" />
					<Clean command="$make -f $makefile clean" />
					<DistClean command="$make -f $makefile distclean$target" />
					<AskRebuildNeeded command="$make -q -f $makefile $target" />
					<SilentBuild command="$make -s -f $makefile $target" />
				</MakeCommands>
			</Target>
			<Target title="mpi">
				<Option output="bin/Flurry" prefix_auto="1" extension_auto="1" />
				<Option type="0" />
				<Option compiler="icc" />
				<MakeCommands>
					<Build command="$make -f $makefile $target" />
					<CompileFile command="$make -f $makefile $file" />
					<Clean command="$make -f $makefile clean" />
					<DistClean command="$make -f $makefile distclean$target" />
					<AskRebuildNeeded command="$make -q -f $makefile $target" />
					<SilentBuild command="$make -s -f $makefile $target" />
				</MakeCommands>
			</Target>
			<Target title="mpidebug">
				<Option output="bin/Flurry" prefix_auto="1" extension_auto="1" />
				<Option type="0" />
				<Option compiler="icc" />
				<MakeCommands>
					<Build command="$make -f $makefile $target" />
					<CompileFile command="$make -f $makefile $file" />
					<Clean command="$make -f $makefile clean" />
					<DistClean command="$make -f $makefile distclean$target" />
					<AskRebuildNeeded command="$make -q -f $makefile $target" />
					<SilentBuild command="$make -s -f $makefile $target" />
				</MakeCommands>
			</Target>
		</Build>
		<Compiler>
			<Add option="-Wall" />
			<Add option="/EHs" />
		</Compiler>
		<Unit filename="include/boundFace.hpp" />
		<Unit filename="include/ele.hpp" />
		<Unit filename="include/error.hpp" />
		<Unit filename="include/face.hpp" />
		<Unit filename="include/flurry.hpp" />
		<Unit filename="include/flux.hpp" />
		<Unit filename="include/funcs.hpp" />
		<Unit filename="include/geo.hpp" />
		<Unit filename="include/global.hpp" />
		<Unit filename="include/input.hpp" />
		<Unit filename="include/intFace.hpp" />
		<Unit filename="include/matrix.hpp" />
		<Unit filename="include/mesh.hpp">
			<Option target="Debug" />
		</Unit>
		<Unit filename="include/mpiFace.hpp" />
		<Unit filename="include/operators.hpp" />
		<Unit filename="include/output.hpp" />
		<Unit filename="include/overComm.hpp" />
		<Unit filename="include/overFace.hpp" />
		<Unit filename="include/points.hpp" />
		<Unit filename="include/polynomials.hpp" />
		<Unit filename="include/solver.hpp" />
		<Unit filename="include/superMesh.hpp" />
		<Unit filename="lib/tioga/driver/checkfiles.f90">
			<Option target="Debug" />
		</Unit>
		<Unit filename="lib/tioga/driver/gridutils.f90">
			<Option target="Debug" />
		</Unit>
		<Unit filename="lib/tioga/driver/makefile">
			<Option target="Debug" />
		</Unit>
		<Unit filename="lib/tioga/driver/modules.f90">
			<Option target="Debug" />
		</Unit>
		<Unit filename="lib/tioga/driver/testTioga.f90">
			<Option target="Debug" />
		</Unit>
		<Unit filename="lib/tioga/src/ADT.C">
			<Option compilerVar="CC" />
			<Option target="Debug" />
		</Unit>
		<Unit filename="lib/tioga/src/ADT.h">
			<Option target="Debug" />
		</Unit>
		<Unit filename="lib/tioga/src/MeshBlock.C">
			<Option compilerVar="CC" />
			<Option target="Debug" />
		</Unit>
		<Unit filename="lib/tioga/src/MeshBlock.h">
			<Option target="Debug" />
		</Unit>
		<Unit filename="lib/tioga/src/cellVolume.f90">
			<Option target="Debug" />
		</Unit>
		<Unit filename="lib/tioga/src/codetypes.h">
			<Option target="Debug" />
		</Unit>
		<Unit filename="lib/tioga/src/computeCellVolume.f90">
			<Option target="Debug" />
		</Unit>
		<Unit filename="lib/tioga/src/globals.h">
			<Option target="Debug" />
		</Unit>
		<Unit filename="lib/tioga/src/kaiser.f">
			<Option target="Debug" />
		</Unit>
		<Unit filename="lib/tioga/src/makefile">
			<Option target="Debug" />
		</Unit>
		<Unit filename="lib/tioga/src/median.F90">
			<Option target="Debug" />
		</Unit>
		<Unit filename="lib/tioga/src/parallelComm.C">
			<Option compilerVar="CC" />
			<Option target="Debug" />
		</Unit>
		<Unit filename="lib/tioga/src/parallelComm.h">
			<Option target="Debug" />
		</Unit>
		<Unit filename="lib/tioga/src/tioga.C">
			<Option compilerVar="CC" />
			<Option target="Debug" />
		</Unit>
		<Unit filename="lib/tioga/src/tioga.h">
			<Option target="Debug" />
		</Unit>
		<Unit filename="lib/tioga/src/tiogaInterface.C">
			<Option compilerVar="CC" />
			<Option target="Debug" />
		</Unit>
		<Unit filename="lib/tioga/src/tiogaInterface.h">
			<Option target="Debug" />
		</Unit>
		<Unit filename="lib/tioga/src/utils.c">
			<Option compilerVar="CC" />
			<Option target="Debug" />
		</Unit>
		<Unit filename="lib/tioga/src/writeOutput.C">
			<Option compilerVar="CC" />
			<Option target="Debug" />
		</Unit>
		<Unit filename="src/boundFace.cpp" />
		<Unit filename="src/ele.cpp" />
		<Unit filename="src/face.cpp" />
		<Unit filename="src/flurry.cpp" />
		<Unit filename="src/flux.cpp" />
		<Unit filename="src/funcs.cpp" />
		<Unit filename="src/geo.cpp" />
		<Unit filename="src/geo_overset.cpp" />
		<Unit filename="src/global.cpp" />
		<Unit filename="src/input.cpp" />
		<Unit filename="src/intFace.cpp" />
		<Unit filename="src/matrix.cpp" />
		<Unit filename="src/mpiFace.cpp" />
		<Unit filename="src/operators.cpp" />
		<Unit filename="src/output.cpp" />
		<Unit filename="src/overComm.cpp" />
		<Unit filename="src/overFace.cpp" />
		<Unit filename="src/points.cpp" />
		<Unit filename="src/polynomials.cpp" />
		<Unit filename="src/solver.cpp" />
		<Unit filename="src/solver_overset.cpp" />
		<Unit filename="src/superMesh.cpp" />
		<Extensions>
			<code_completion />
			<envvars />
			<lib_finder disable_auto="1" />
			<debugger />
		</Extensions>
	</Project>
</CodeBlocks_project_file>
